
Microsoft Visual Studio Solution File, Format Version 12.00
# Visual Studio Version 16
VisualStudioVersion = 16.0.31205.134
MinimumVisualStudioVersion = 10.0.40219.1
Project("{FAE04EC0-301F-11D3-BF4B-00C04F79EFBC}") = "kurs_rab", "kurs_rab.csproj", "{B704BB92-CE7A-4964-B50F-0ED183650BAD}"
EndProject
Global
	GlobalSection(SolutionConfigurationPlatforms) = preSolution
		Debug|Any CPU = Debug|Any CPU
		Release|Any CPU = Release|Any CPU
	EndGlobalSection
	GlobalSection(ProjectConfigurationPlatforms) = postSolution
		{B704BB92-CE7A-4964-B50F-0ED183650BAD}.Debug|Any CPU.ActiveCfg = Debug|Any CPU
		{B704BB92-CE7A-4964-B50F-0ED183650BAD}.Debug|Any CPU.Build.0 = Debug|Any CPU
		{B704BB92-CE7A-4964-B50F-0ED183650BAD}.Release|Any CPU.ActiveCfg = Release|Any CPU
		{B704BB92-CE7A-4964-B50F-0ED183650BAD}.Release|Any CPU.Build.0 = Release|Any CPU
	EndGlobalSection
	GlobalSection(SolutionProperties) = preSolution
		HideSolutionNode = FALSE
	EndGlobalSection
	GlobalSection(ExtensibilityGlobals) = postSolution
		SolutionGuid = {20485738-6216-46AE-975F-27BD5FED5AC3}
	EndGlobalSection
EndGlobal
